
Microsoft Visual Studio Solution File, Format Version 12.00
# Visual Studio Version 17
VisualStudioVersion = 17.5.33424.131
MinimumVisualStudioVersion = 10.0.40219.1
Project("{9A19103F-16F7-4668-BE54-9A1E7A4F7556}") = "Steam_Accunt_Restorrer_Note", "Steam_Accunt_Restorrer_Note.csproj", "{58B1612F-B39A-4A2D-AC31-2ECC2A70507A}"
EndProject
Project("{54435603-DBB4-11D2-8724-00A0C9A8B90C}") = "Setup", "..\Setup\Setup.vdproj", "{45AE8933-01B8-4AB3-B27E-EC80FB088FF0}"
EndProject
Global
	GlobalSection(SolutionConfigurationPlatforms) = preSolution
		Debug|Any CPU = Debug|Any CPU
		Release|Any CPU = Release|Any CPU
	EndGlobalSection
	GlobalSection(ProjectConfigurationPlatforms) = postSolution
		{58B1612F-B39A-4A2D-AC31-2ECC2A70507A}.Debug|Any CPU.ActiveCfg = Release|Any CPU
		{58B1612F-B39A-4A2D-AC31-2ECC2A70507A}.Debug|Any CPU.Build.0 = Release|Any CPU
		{58B1612F-B39A-4A2D-AC31-2ECC2A70507A}.Release|Any CPU.ActiveCfg = Release|Any CPU
		{58B1612F-B39A-4A2D-AC31-2ECC2A70507A}.Release|Any CPU.Build.0 = Release|Any CPU
		{45AE8933-01B8-4AB3-B27E-EC80FB088FF0}.Debug|Any CPU.ActiveCfg = Release
		{45AE8933-01B8-4AB3-B27E-EC80FB088FF0}.Debug|Any CPU.Build.0 = Release
		{45AE8933-01B8-4AB3-B27E-EC80FB088FF0}.Release|Any CPU.ActiveCfg = Release
		{45AE8933-01B8-4AB3-B27E-EC80FB088FF0}.Release|Any CPU.Build.0 = Release
	EndGlobalSection
	GlobalSection(SolutionProperties) = preSolution
		HideSolutionNode = FALSE
	EndGlobalSection
	GlobalSection(ExtensibilityGlobals) = postSolution
		SolutionGuid = {E7C95482-D140-4B3F-94AE-F4BF3354CDAE}
	EndGlobalSection
EndGlobal
